
Microsoft Visual Studio Solution File, Format Version 12.00
# Visual Studio 15
VisualStudioVersion = 15.0.28307.1705
MinimumVisualStudioVersion = 10.0.40219.1
Project("{FAE04EC0-301F-11D3-BF4B-00C04F79EFBC}") = "issDomain", "issDomain\issDomain.csproj", "{1D6912EE-8EF8-4F0E-9D5E-B4B9E25AB40B}"
EndProject
Project("{FAE04EC0-301F-11D3-BF4B-00C04F79EFBC}") = "issCommon", "issCommon\issCommon.csproj", "{BD6FAD76-177D-4AF6-81A1-6196161C5EF6}"
EndProject
Project("{FAE04EC0-301F-11D3-BF4B-00C04F79EFBC}") = "issAppManager", "issAppManager\issAppManager.csproj", "{2B6884F4-74CB-4945-81D7-1D9655856F3C}"
EndProject
Project("{FAE04EC0-301F-11D3-BF4B-00C04F79EFBC}") = "issRepo", "issRepo\issRepo.csproj", "{B5CFE70C-429D-4CAB-A0BB-D6801F07F90C}"
EndProject
Project("{FAE04EC0-301F-11D3-BF4B-00C04F79EFBC}") = "issConstructions", "issConstructions\issConstructions.csproj", "{11D5C7C8-CC62-46FB-83F8-96DFED80A104}"
EndProject
Global
	GlobalSection(SolutionConfigurationPlatforms) = preSolution
		Debug|Any CPU = Debug|Any CPU
		Release|Any CPU = Release|Any CPU
	EndGlobalSection
	GlobalSection(ProjectConfigurationPlatforms) = postSolution
		{1D6912EE-8EF8-4F0E-9D5E-B4B9E25AB40B}.Debug|Any CPU.ActiveCfg = Debug|Any CPU
		{1D6912EE-8EF8-4F0E-9D5E-B4B9E25AB40B}.Debug|Any CPU.Build.0 = Debug|Any CPU
		{1D6912EE-8EF8-4F0E-9D5E-B4B9E25AB40B}.Release|Any CPU.ActiveCfg = Release|Any CPU
		{1D6912EE-8EF8-4F0E-9D5E-B4B9E25AB40B}.Release|Any CPU.Build.0 = Release|Any CPU
		{BD6FAD76-177D-4AF6-81A1-6196161C5EF6}.Debug|Any CPU.ActiveCfg = Debug|Any CPU
		{BD6FAD76-177D-4AF6-81A1-6196161C5EF6}.Debug|Any CPU.Build.0 = Debug|Any CPU
		{BD6FAD76-177D-4AF6-81A1-6196161C5EF6}.Release|Any CPU.ActiveCfg = Release|Any CPU
		{BD6FAD76-177D-4AF6-81A1-6196161C5EF6}.Release|Any CPU.Build.0 = Release|Any CPU
		{2B6884F4-74CB-4945-81D7-1D9655856F3C}.Debug|Any CPU.ActiveCfg = Debug|Any CPU
		{2B6884F4-74CB-4945-81D7-1D9655856F3C}.Debug|Any CPU.Build.0 = Debug|Any CPU
		{2B6884F4-74CB-4945-81D7-1D9655856F3C}.Release|Any CPU.ActiveCfg = Release|Any CPU
		{2B6884F4-74CB-4945-81D7-1D9655856F3C}.Release|Any CPU.Build.0 = Release|Any CPU
		{B5CFE70C-429D-4CAB-A0BB-D6801F07F90C}.Debug|Any CPU.ActiveCfg = Debug|Any CPU
		{B5CFE70C-429D-4CAB-A0BB-D6801F07F90C}.Debug|Any CPU.Build.0 = Debug|Any CPU
		{B5CFE70C-429D-4CAB-A0BB-D6801F07F90C}.Release|Any CPU.ActiveCfg = Release|Any CPU
		{B5CFE70C-429D-4CAB-A0BB-D6801F07F90C}.Release|Any CPU.Build.0 = Release|Any CPU
		{11D5C7C8-CC62-46FB-83F8-96DFED80A104}.Debug|Any CPU.ActiveCfg = Debug|Any CPU
		{11D5C7C8-CC62-46FB-83F8-96DFED80A104}.Debug|Any CPU.Build.0 = Debug|Any CPU
		{11D5C7C8-CC62-46FB-83F8-96DFED80A104}.Release|Any CPU.ActiveCfg = Release|Any CPU
		{11D5C7C8-CC62-46FB-83F8-96DFED80A104}.Release|Any CPU.Build.0 = Release|Any CPU
	EndGlobalSection
	GlobalSection(SolutionProperties) = preSolution
		HideSolutionNode = FALSE
	EndGlobalSection
	GlobalSection(ExtensibilityGlobals) = postSolution
		SolutionGuid = {3628E831-036C-4606-973E-D4D5C9FE1D51}
	EndGlobalSection
EndGlobal
